
Microsoft Visual Studio Solution File, Format Version 12.00
# Visual Studio Version 16
VisualStudioVersion = 16.0.30114.105
MinimumVisualStudioVersion = 10.0.40219.1
Project("{9A19103F-16F7-4668-BE54-9A1E7A4F7556}") = "Alerting.Presentation", "Alerting.Presentation\Alerting.Presentation.csproj", "{A26211D1-4EF2-42DD-9929-D7AFAA27E422}"
EndProject
Project("{9A19103F-16F7-4668-BE54-9A1E7A4F7556}") = "Alerting.Application", "Alerting.Application\Alerting.Application.csproj", "{7DFF9E91-631F-494C-A68D-2B2012B88355}"
EndProject
Project("{9A19103F-16F7-4668-BE54-9A1E7A4F7556}") = "Alerting.DomainModel", "Alerting.DomainModel\Alerting.DomainModel.csproj", "{CCCDFD59-76FC-4784-A97F-1AD9733E4252}"
EndProject
Project("{9A19103F-16F7-4668-BE54-9A1E7A4F7556}") = "Alerting.Infrastructure", "Alerting.Infrastructure\Alerting.Infrastructure.csproj", "{326D9A40-EE02-47B5-93D8-D988E2567AEB}"
EndProject
Project("{FAE04EC0-301F-11D3-BF4B-00C04F79EFBC}") = "Alerting.UI", "Alerting.UI\Alerting.UI.csproj", "{F5B5557B-BB68-4AB9-83BB-3E57136E11D7}"
EndProject
Global
	GlobalSection(SolutionConfigurationPlatforms) = preSolution
		Debug|Any CPU = Debug|Any CPU
		Release|Any CPU = Release|Any CPU
	EndGlobalSection
	GlobalSection(ProjectConfigurationPlatforms) = postSolution
		{A26211D1-4EF2-42DD-9929-D7AFAA27E422}.Debug|Any CPU.ActiveCfg = Debug|Any CPU
		{A26211D1-4EF2-42DD-9929-D7AFAA27E422}.Debug|Any CPU.Build.0 = Debug|Any CPU
		{A26211D1-4EF2-42DD-9929-D7AFAA27E422}.Release|Any CPU.ActiveCfg = Release|Any CPU
		{A26211D1-4EF2-42DD-9929-D7AFAA27E422}.Release|Any CPU.Build.0 = Release|Any CPU
		{7DFF9E91-631F-494C-A68D-2B2012B88355}.Debug|Any CPU.ActiveCfg = Debug|Any CPU
		{7DFF9E91-631F-494C-A68D-2B2012B88355}.Debug|Any CPU.Build.0 = Debug|Any CPU
		{7DFF9E91-631F-494C-A68D-2B2012B88355}.Release|Any CPU.ActiveCfg = Release|Any CPU
		{7DFF9E91-631F-494C-A68D-2B2012B88355}.Release|Any CPU.Build.0 = Release|Any CPU
		{CCCDFD59-76FC-4784-A97F-1AD9733E4252}.Debug|Any CPU.ActiveCfg = Debug|Any CPU
		{CCCDFD59-76FC-4784-A97F-1AD9733E4252}.Debug|Any CPU.Build.0 = Debug|Any CPU
		{CCCDFD59-76FC-4784-A97F-1AD9733E4252}.Release|Any CPU.ActiveCfg = Release|Any CPU
		{CCCDFD59-76FC-4784-A97F-1AD9733E4252}.Release|Any CPU.Build.0 = Release|Any CPU
		{326D9A40-EE02-47B5-93D8-D988E2567AEB}.Debug|Any CPU.ActiveCfg = Debug|Any CPU
		{326D9A40-EE02-47B5-93D8-D988E2567AEB}.Debug|Any CPU.Build.0 = Debug|Any CPU
		{326D9A40-EE02-47B5-93D8-D988E2567AEB}.Release|Any CPU.ActiveCfg = Release|Any CPU
		{326D9A40-EE02-47B5-93D8-D988E2567AEB}.Release|Any CPU.Build.0 = Release|Any CPU
		{F5B5557B-BB68-4AB9-83BB-3E57136E11D7}.Debug|Any CPU.ActiveCfg = Debug|Any CPU
		{F5B5557B-BB68-4AB9-83BB-3E57136E11D7}.Debug|Any CPU.Build.0 = Debug|Any CPU
		{F5B5557B-BB68-4AB9-83BB-3E57136E11D7}.Release|Any CPU.ActiveCfg = Release|Any CPU
		{F5B5557B-BB68-4AB9-83BB-3E57136E11D7}.Release|Any CPU.Build.0 = Release|Any CPU
	EndGlobalSection
	GlobalSection(SolutionProperties) = preSolution
		HideSolutionNode = FALSE
	EndGlobalSection
	GlobalSection(ExtensibilityGlobals) = postSolution
		SolutionGuid = {7F0FFBA1-2766-4353-A7E4-30BBBE862F73}
	EndGlobalSection
EndGlobal
